
Microsoft Visual Studio Solution File, Format Version 12.00
# Visual Studio Version 16
VisualStudioVersion = 16.0.28729.10
MinimumVisualStudioVersion = 10.0.40219.1
Project("{8BC9CEB8-8B4A-11D0-8D11-00A0C91BC942}") = "test_4_28", "test_4_28.vcxproj", "{52C02ADE-5BEC-461B-B5DD-E5CF6DD8DF5D}"
EndProject
Global
	GlobalSection(SolutionConfigurationPlatforms) = preSolution
		Debug|x64 = Debug|x64
		Debug|x86 = Debug|x86
		Release|x64 = Release|x64
		Release|x86 = Release|x86
	EndGlobalSection
	GlobalSection(ProjectConfigurationPlatforms) = postSolution
		{52C02ADE-5BEC-461B-B5DD-E5CF6DD8DF5D}.Debug|x64.ActiveCfg = Debug|x64
		{52C02ADE-5BEC-461B-B5DD-E5CF6DD8DF5D}.Debug|x64.Build.0 = Debug|x64
		{52C02ADE-5BEC-461B-B5DD-E5CF6DD8DF5D}.Debug|x86.ActiveCfg = Debug|Win32
		{52C02ADE-5BEC-461B-B5DD-E5CF6DD8DF5D}.Debug|x86.Build.0 = Debug|Win32
		{52C02ADE-5BEC-461B-B5DD-E5CF6DD8DF5D}.Release|x64.ActiveCfg = Release|x64
		{52C02ADE-5BEC-461B-B5DD-E5CF6DD8DF5D}.Release|x64.Build.0 = Release|x64
		{52C02ADE-5BEC-461B-B5DD-E5CF6DD8DF5D}.Release|x86.ActiveCfg = Release|Win32
		{52C02ADE-5BEC-461B-B5DD-E5CF6DD8DF5D}.Release|x86.Build.0 = Release|Win32
	EndGlobalSection
	GlobalSection(SolutionProperties) = preSolution
		HideSolutionNode = FALSE
	EndGlobalSection
	GlobalSection(ExtensibilityGlobals) = postSolution
		SolutionGuid = {7FCE4770-E987-40AD-AB8C-E3B96A120E20}
	EndGlobalSection
EndGlobal
