
Microsoft Visual Studio Solution File, Format Version 12.00
# Visual Studio Version 16
VisualStudioVersion = 16.0.28729.10
MinimumVisualStudioVersion = 10.0.40219.1
Project("{8BC9CEB8-8B4A-11D0-8D11-00A0C91BC942}") = "test_4_23_2", "test_4_23_2.vcxproj", "{FB072068-4CB9-4CF5-8290-66380DEE75C4}"
EndProject
Global
	GlobalSection(SolutionConfigurationPlatforms) = preSolution
		Debug|x64 = Debug|x64
		Debug|x86 = Debug|x86
		Release|x64 = Release|x64
		Release|x86 = Release|x86
	EndGlobalSection
	GlobalSection(ProjectConfigurationPlatforms) = postSolution
		{FB072068-4CB9-4CF5-8290-66380DEE75C4}.Debug|x64.ActiveCfg = Debug|x64
		{FB072068-4CB9-4CF5-8290-66380DEE75C4}.Debug|x64.Build.0 = Debug|x64
		{FB072068-4CB9-4CF5-8290-66380DEE75C4}.Debug|x86.ActiveCfg = Debug|Win32
		{FB072068-4CB9-4CF5-8290-66380DEE75C4}.Debug|x86.Build.0 = Debug|Win32
		{FB072068-4CB9-4CF5-8290-66380DEE75C4}.Release|x64.ActiveCfg = Release|x64
		{FB072068-4CB9-4CF5-8290-66380DEE75C4}.Release|x64.Build.0 = Release|x64
		{FB072068-4CB9-4CF5-8290-66380DEE75C4}.Release|x86.ActiveCfg = Release|Win32
		{FB072068-4CB9-4CF5-8290-66380DEE75C4}.Release|x86.Build.0 = Release|Win32
	EndGlobalSection
	GlobalSection(SolutionProperties) = preSolution
		HideSolutionNode = FALSE
	EndGlobalSection
	GlobalSection(ExtensibilityGlobals) = postSolution
		SolutionGuid = {2728C3CF-1262-409B-9768-61A4D6550644}
	EndGlobalSection
EndGlobal
