
Microsoft Visual Studio Solution File, Format Version 12.00
# Visual Studio Version 16
VisualStudioVersion = 16.0.28729.10
MinimumVisualStudioVersion = 10.0.40219.1
Project("{8BC9CEB8-8B4A-11D0-8D11-00A0C91BC942}") = "test_4_17_2", "test_4_17_2.vcxproj", "{ED9A5443-6324-462A-ACE2-A19DD35D54DD}"
EndProject
Global
	GlobalSection(SolutionConfigurationPlatforms) = preSolution
		Debug|x64 = Debug|x64
		Debug|x86 = Debug|x86
		Release|x64 = Release|x64
		Release|x86 = Release|x86
	EndGlobalSection
	GlobalSection(ProjectConfigurationPlatforms) = postSolution
		{ED9A5443-6324-462A-ACE2-A19DD35D54DD}.Debug|x64.ActiveCfg = Debug|x64
		{ED9A5443-6324-462A-ACE2-A19DD35D54DD}.Debug|x64.Build.0 = Debug|x64
		{ED9A5443-6324-462A-ACE2-A19DD35D54DD}.Debug|x86.ActiveCfg = Debug|Win32
		{ED9A5443-6324-462A-ACE2-A19DD35D54DD}.Debug|x86.Build.0 = Debug|Win32
		{ED9A5443-6324-462A-ACE2-A19DD35D54DD}.Release|x64.ActiveCfg = Release|x64
		{ED9A5443-6324-462A-ACE2-A19DD35D54DD}.Release|x64.Build.0 = Release|x64
		{ED9A5443-6324-462A-ACE2-A19DD35D54DD}.Release|x86.ActiveCfg = Release|Win32
		{ED9A5443-6324-462A-ACE2-A19DD35D54DD}.Release|x86.Build.0 = Release|Win32
	EndGlobalSection
	GlobalSection(SolutionProperties) = preSolution
		HideSolutionNode = FALSE
	EndGlobalSection
	GlobalSection(ExtensibilityGlobals) = postSolution
		SolutionGuid = {8EEF1C4E-82A1-43B2-90A4-CF5DCCDDF7FB}
	EndGlobalSection
EndGlobal
