
Microsoft Visual Studio Solution File, Format Version 12.00
# Visual Studio Version 16
VisualStudioVersion = 16.0.29025.244
MinimumVisualStudioVersion = 10.0.40219.1
Project("{8BC9CEB8-8B4A-11D0-8D11-00A0C91BC942}") = "汉诺塔问题", "汉诺塔问题.vcxproj", "{70E1C7BF-E932-468B-A567-B64860504323}"
EndProject
Global
	GlobalSection(SolutionConfigurationPlatforms) = preSolution
		Debug|x64 = Debug|x64
		Debug|x86 = Debug|x86
		Release|x64 = Release|x64
		Release|x86 = Release|x86
	EndGlobalSection
	GlobalSection(ProjectConfigurationPlatforms) = postSolution
		{70E1C7BF-E932-468B-A567-B64860504323}.Debug|x64.ActiveCfg = Debug|x64
		{70E1C7BF-E932-468B-A567-B64860504323}.Debug|x64.Build.0 = Debug|x64
		{70E1C7BF-E932-468B-A567-B64860504323}.Debug|x86.ActiveCfg = Debug|Win32
		{70E1C7BF-E932-468B-A567-B64860504323}.Debug|x86.Build.0 = Debug|Win32
		{70E1C7BF-E932-468B-A567-B64860504323}.Release|x64.ActiveCfg = Release|x64
		{70E1C7BF-E932-468B-A567-B64860504323}.Release|x64.Build.0 = Release|x64
		{70E1C7BF-E932-468B-A567-B64860504323}.Release|x86.ActiveCfg = Release|Win32
		{70E1C7BF-E932-468B-A567-B64860504323}.Release|x86.Build.0 = Release|Win32
	EndGlobalSection
	GlobalSection(SolutionProperties) = preSolution
		HideSolutionNode = FALSE
	EndGlobalSection
	GlobalSection(ExtensibilityGlobals) = postSolution
		SolutionGuid = {76048FC0-A807-4BAE-90BD-C542D7852DB9}
	EndGlobalSection
EndGlobal
