
Microsoft Visual Studio Solution File, Format Version 12.00
# Visual Studio 15
VisualStudioVersion = 15.0.28307.489
MinimumVisualStudioVersion = 10.0.40219.1
Project("{8BC9CEB8-8B4A-11D0-8D11-00A0C91BC942}") = "test_4_2_3", "test_4_2_3.vcxproj", "{636E01C6-3D5A-4709-B142-E870AB441E4D}"
EndProject
Global
	GlobalSection(SolutionConfigurationPlatforms) = preSolution
		Debug|x64 = Debug|x64
		Debug|x86 = Debug|x86
		Release|x64 = Release|x64
		Release|x86 = Release|x86
	EndGlobalSection
	GlobalSection(ProjectConfigurationPlatforms) = postSolution
		{636E01C6-3D5A-4709-B142-E870AB441E4D}.Debug|x64.ActiveCfg = Debug|x64
		{636E01C6-3D5A-4709-B142-E870AB441E4D}.Debug|x64.Build.0 = Debug|x64
		{636E01C6-3D5A-4709-B142-E870AB441E4D}.Debug|x86.ActiveCfg = Debug|Win32
		{636E01C6-3D5A-4709-B142-E870AB441E4D}.Debug|x86.Build.0 = Debug|Win32
		{636E01C6-3D5A-4709-B142-E870AB441E4D}.Release|x64.ActiveCfg = Release|x64
		{636E01C6-3D5A-4709-B142-E870AB441E4D}.Release|x64.Build.0 = Release|x64
		{636E01C6-3D5A-4709-B142-E870AB441E4D}.Release|x86.ActiveCfg = Release|Win32
		{636E01C6-3D5A-4709-B142-E870AB441E4D}.Release|x86.Build.0 = Release|Win32
	EndGlobalSection
	GlobalSection(SolutionProperties) = preSolution
		HideSolutionNode = FALSE
	EndGlobalSection
	GlobalSection(ExtensibilityGlobals) = postSolution
		SolutionGuid = {72203AFB-E527-43E4-BFF8-AC1D4F8C7785}
	EndGlobalSection
EndGlobal
