
Microsoft Visual Studio Solution File, Format Version 12.00
# Visual Studio Version 16
VisualStudioVersion = 16.0.28729.10
MinimumVisualStudioVersion = 10.0.40219.1
Project("{8BC9CEB8-8B4A-11D0-8D11-00A0C91BC942}") = "test_4_16_2", "test_4_16_2.vcxproj", "{C5D28432-CA5E-4ED1-822B-6AEBA0D9FE95}"
EndProject
Global
	GlobalSection(SolutionConfigurationPlatforms) = preSolution
		Debug|x64 = Debug|x64
		Debug|x86 = Debug|x86
		Release|x64 = Release|x64
		Release|x86 = Release|x86
	EndGlobalSection
	GlobalSection(ProjectConfigurationPlatforms) = postSolution
		{C5D28432-CA5E-4ED1-822B-6AEBA0D9FE95}.Debug|x64.ActiveCfg = Debug|x64
		{C5D28432-CA5E-4ED1-822B-6AEBA0D9FE95}.Debug|x64.Build.0 = Debug|x64
		{C5D28432-CA5E-4ED1-822B-6AEBA0D9FE95}.Debug|x86.ActiveCfg = Debug|Win32
		{C5D28432-CA5E-4ED1-822B-6AEBA0D9FE95}.Debug|x86.Build.0 = Debug|Win32
		{C5D28432-CA5E-4ED1-822B-6AEBA0D9FE95}.Release|x64.ActiveCfg = Release|x64
		{C5D28432-CA5E-4ED1-822B-6AEBA0D9FE95}.Release|x64.Build.0 = Release|x64
		{C5D28432-CA5E-4ED1-822B-6AEBA0D9FE95}.Release|x86.ActiveCfg = Release|Win32
		{C5D28432-CA5E-4ED1-822B-6AEBA0D9FE95}.Release|x86.Build.0 = Release|Win32
	EndGlobalSection
	GlobalSection(SolutionProperties) = preSolution
		HideSolutionNode = FALSE
	EndGlobalSection
	GlobalSection(ExtensibilityGlobals) = postSolution
		SolutionGuid = {7420BC89-088F-4DF1-9301-EBC848D9E8B7}
	EndGlobalSection
EndGlobal
