
Microsoft Visual Studio Solution File, Format Version 12.00
# Visual Studio Version 16
VisualStudioVersion = 16.0.29025.244
MinimumVisualStudioVersion = 10.0.40219.1
Project("{8BC9CEB8-8B4A-11D0-8D11-00A0C91BC942}") = "D17-D18算法", "D17-D18算法.vcxproj", "{4D2E0F6D-6094-4E3B-90FD-71630DBBAB3B}"
EndProject
Global
	GlobalSection(SolutionConfigurationPlatforms) = preSolution
		Debug|x64 = Debug|x64
		Debug|x86 = Debug|x86
		Release|x64 = Release|x64
		Release|x86 = Release|x86
	EndGlobalSection
	GlobalSection(ProjectConfigurationPlatforms) = postSolution
		{4D2E0F6D-6094-4E3B-90FD-71630DBBAB3B}.Debug|x64.ActiveCfg = Debug|x64
		{4D2E0F6D-6094-4E3B-90FD-71630DBBAB3B}.Debug|x64.Build.0 = Debug|x64
		{4D2E0F6D-6094-4E3B-90FD-71630DBBAB3B}.Debug|x86.ActiveCfg = Debug|Win32
		{4D2E0F6D-6094-4E3B-90FD-71630DBBAB3B}.Debug|x86.Build.0 = Debug|Win32
		{4D2E0F6D-6094-4E3B-90FD-71630DBBAB3B}.Release|x64.ActiveCfg = Release|x64
		{4D2E0F6D-6094-4E3B-90FD-71630DBBAB3B}.Release|x64.Build.0 = Release|x64
		{4D2E0F6D-6094-4E3B-90FD-71630DBBAB3B}.Release|x86.ActiveCfg = Release|Win32
		{4D2E0F6D-6094-4E3B-90FD-71630DBBAB3B}.Release|x86.Build.0 = Release|Win32
	EndGlobalSection
	GlobalSection(SolutionProperties) = preSolution
		HideSolutionNode = FALSE
	EndGlobalSection
	GlobalSection(ExtensibilityGlobals) = postSolution
		SolutionGuid = {79DC57AD-E736-434E-8315-89E28B1CC087}
	EndGlobalSection
EndGlobal
