
Microsoft Visual Studio Solution File, Format Version 12.00
# Visual Studio Version 16
VisualStudioVersion = 16.0.28803.352
MinimumVisualStudioVersion = 10.0.40219.1
Project("{8BC9CEB8-8B4A-11D0-8D11-00A0C91BC942}") = "test_7_1_2", "test_7_1_2.vcxproj", "{2F14ABC0-A660-42ED-8B89-63C472666381}"
EndProject
Global
	GlobalSection(SolutionConfigurationPlatforms) = preSolution
		Debug|x64 = Debug|x64
		Debug|x86 = Debug|x86
		Release|x64 = Release|x64
		Release|x86 = Release|x86
	EndGlobalSection
	GlobalSection(ProjectConfigurationPlatforms) = postSolution
		{2F14ABC0-A660-42ED-8B89-63C472666381}.Debug|x64.ActiveCfg = Debug|x64
		{2F14ABC0-A660-42ED-8B89-63C472666381}.Debug|x64.Build.0 = Debug|x64
		{2F14ABC0-A660-42ED-8B89-63C472666381}.Debug|x86.ActiveCfg = Debug|Win32
		{2F14ABC0-A660-42ED-8B89-63C472666381}.Debug|x86.Build.0 = Debug|Win32
		{2F14ABC0-A660-42ED-8B89-63C472666381}.Release|x64.ActiveCfg = Release|x64
		{2F14ABC0-A660-42ED-8B89-63C472666381}.Release|x64.Build.0 = Release|x64
		{2F14ABC0-A660-42ED-8B89-63C472666381}.Release|x86.ActiveCfg = Release|Win32
		{2F14ABC0-A660-42ED-8B89-63C472666381}.Release|x86.Build.0 = Release|Win32
	EndGlobalSection
	GlobalSection(SolutionProperties) = preSolution
		HideSolutionNode = FALSE
	EndGlobalSection
	GlobalSection(ExtensibilityGlobals) = postSolution
		SolutionGuid = {E88B760D-EE13-4C77-B70D-9A7A479330D1}
	EndGlobalSection
EndGlobal
